
Microsoft Visual Studio Solution File, Format Version 12.00
# Visual Studio Version 17
VisualStudioVersion = 17.5.33627.172
MinimumVisualStudioVersion = 10.0.40219.1
Project("{9A19103F-16F7-4668-BE54-9A1E7A4F7556}") = "ToDo_Task", "ToDo_Task\ToDo_Task.csproj", "{51F9EA05-035A-408A-A940-0F4E8F891D52}"
EndProject
Project("{9A19103F-16F7-4668-BE54-9A1E7A4F7556}") = "ToDo_Task_DataAccess", "ToDo_Task_DataAccess\ToDo_Task_DataAccess.csproj", "{A98A3B56-298A-44F2-9BA1-8B1C78362FEC}"
EndProject
Project("{9A19103F-16F7-4668-BE54-9A1E7A4F7556}") = "ToDo_Task_Migrations", "ToDo_Task_Migrations\ToDo_Task_Migrations.csproj", "{B0719DAA-5BE4-4B92-903A-30839BC35471}"
EndProject
Project("{9A19103F-16F7-4668-BE54-9A1E7A4F7556}") = "ToDo_Task_Repository", "ToDo_Task_Repository\ToDo_Task_Repository.csproj", "{71E154A8-5651-474C-AA93-C61F7DDC177E}"
EndProject
Project("{9A19103F-16F7-4668-BE54-9A1E7A4F7556}") = "ToDo_Task_Service", "ToDo_Task_Service\ToDo_Task_Service.csproj", "{BEF826C3-D973-4C2B-B022-020216831B0C}"
EndProject
Project("{9A19103F-16F7-4668-BE54-9A1E7A4F7556}") = "ToDo_Task_Tests", "ToDo_Task_Tests\ToDo_Task_Tests.csproj", "{C78514C0-4052-4032-8873-0699B1327949}"
EndProject
Project("{E53339B2-1760-4266-BCC7-CA923CBCF16C}") = "docker-compose", "docker-compose.dcproj", "{C95D9D3E-ABBE-4ED4-8A71-0BD55812E076}"
EndProject
Global
	GlobalSection(SolutionConfigurationPlatforms) = preSolution
		Debug|Any CPU = Debug|Any CPU
		Release|Any CPU = Release|Any CPU
	EndGlobalSection
	GlobalSection(ProjectConfigurationPlatforms) = postSolution
		{51F9EA05-035A-408A-A940-0F4E8F891D52}.Debug|Any CPU.ActiveCfg = Debug|Any CPU
		{51F9EA05-035A-408A-A940-0F4E8F891D52}.Debug|Any CPU.Build.0 = Debug|Any CPU
		{51F9EA05-035A-408A-A940-0F4E8F891D52}.Release|Any CPU.ActiveCfg = Release|Any CPU
		{51F9EA05-035A-408A-A940-0F4E8F891D52}.Release|Any CPU.Build.0 = Release|Any CPU
		{A98A3B56-298A-44F2-9BA1-8B1C78362FEC}.Debug|Any CPU.ActiveCfg = Debug|Any CPU
		{A98A3B56-298A-44F2-9BA1-8B1C78362FEC}.Debug|Any CPU.Build.0 = Debug|Any CPU
		{A98A3B56-298A-44F2-9BA1-8B1C78362FEC}.Release|Any CPU.ActiveCfg = Release|Any CPU
		{A98A3B56-298A-44F2-9BA1-8B1C78362FEC}.Release|Any CPU.Build.0 = Release|Any CPU
		{B0719DAA-5BE4-4B92-903A-30839BC35471}.Debug|Any CPU.ActiveCfg = Debug|Any CPU
		{B0719DAA-5BE4-4B92-903A-30839BC35471}.Debug|Any CPU.Build.0 = Debug|Any CPU
		{B0719DAA-5BE4-4B92-903A-30839BC35471}.Release|Any CPU.ActiveCfg = Release|Any CPU
		{B0719DAA-5BE4-4B92-903A-30839BC35471}.Release|Any CPU.Build.0 = Release|Any CPU
		{71E154A8-5651-474C-AA93-C61F7DDC177E}.Debug|Any CPU.ActiveCfg = Debug|Any CPU
		{71E154A8-5651-474C-AA93-C61F7DDC177E}.Debug|Any CPU.Build.0 = Debug|Any CPU
		{71E154A8-5651-474C-AA93-C61F7DDC177E}.Release|Any CPU.ActiveCfg = Release|Any CPU
		{71E154A8-5651-474C-AA93-C61F7DDC177E}.Release|Any CPU.Build.0 = Release|Any CPU
		{BEF826C3-D973-4C2B-B022-020216831B0C}.Debug|Any CPU.ActiveCfg = Debug|Any CPU
		{BEF826C3-D973-4C2B-B022-020216831B0C}.Debug|Any CPU.Build.0 = Debug|Any CPU
		{BEF826C3-D973-4C2B-B022-020216831B0C}.Release|Any CPU.ActiveCfg = Release|Any CPU
		{BEF826C3-D973-4C2B-B022-020216831B0C}.Release|Any CPU.Build.0 = Release|Any CPU
		{C78514C0-4052-4032-8873-0699B1327949}.Debug|Any CPU.ActiveCfg = Debug|Any CPU
		{C78514C0-4052-4032-8873-0699B1327949}.Debug|Any CPU.Build.0 = Debug|Any CPU
		{C78514C0-4052-4032-8873-0699B1327949}.Release|Any CPU.ActiveCfg = Release|Any CPU
		{C78514C0-4052-4032-8873-0699B1327949}.Release|Any CPU.Build.0 = Release|Any CPU
		{C95D9D3E-ABBE-4ED4-8A71-0BD55812E076}.Debug|Any CPU.ActiveCfg = Debug|Any CPU
		{C95D9D3E-ABBE-4ED4-8A71-0BD55812E076}.Debug|Any CPU.Build.0 = Debug|Any CPU
		{C95D9D3E-ABBE-4ED4-8A71-0BD55812E076}.Release|Any CPU.ActiveCfg = Release|Any CPU
		{C95D9D3E-ABBE-4ED4-8A71-0BD55812E076}.Release|Any CPU.Build.0 = Release|Any CPU
	EndGlobalSection
	GlobalSection(SolutionProperties) = preSolution
		HideSolutionNode = FALSE
	EndGlobalSection
	GlobalSection(ExtensibilityGlobals) = postSolution
		SolutionGuid = {6A37C12C-96A9-41CA-9EEF-387D9B7EC197}
	EndGlobalSection
EndGlobal
